
Microsoft Visual Studio Solution File, Format Version 12.00
# Visual Studio 15
VisualStudioVersion = 15.0.27130.2003
MinimumVisualStudioVersion = 10.0.40219.1
Project("{FAE04EC0-301F-11D3-BF4B-00C04F79EFBC}") = "run.Transformation.Xaml", "run.Transformation.Xaml\run.Transformation.Xaml.csproj", "{4C6F00DE-A068-4930-B307-7553CE81B504}"
EndProject
Project("{FAE04EC0-301F-11D3-BF4B-00C04F79EFBC}") = "run.Transformation.Xaml.App", "run.Transformation.Xaml.App\run.Transformation.Xaml.App.csproj", "{65BBF602-3564-42B3-9240-562CF748F7AE}"
EndProject
Project("{9A19103F-16F7-4668-BE54-9A1E7A4F7556}") = "run.Transformation.Xaml.Services", "run.Transformation.Xaml.Services\run.Transformation.Xaml.Services.csproj", "{0FFD6635-53E7-4E35-92E6-DD0B2AB07458}"
EndProject
Global
	GlobalSection(SolutionConfigurationPlatforms) = preSolution
		Debug|Any CPU = Debug|Any CPU
		Release|Any CPU = Release|Any CPU
	EndGlobalSection
	GlobalSection(ProjectConfigurationPlatforms) = postSolution
		{4C6F00DE-A068-4930-B307-7553CE81B504}.Debug|Any CPU.ActiveCfg = Debug|Any CPU
		{4C6F00DE-A068-4930-B307-7553CE81B504}.Debug|Any CPU.Build.0 = Debug|Any CPU
		{4C6F00DE-A068-4930-B307-7553CE81B504}.Release|Any CPU.ActiveCfg = Release|Any CPU
		{4C6F00DE-A068-4930-B307-7553CE81B504}.Release|Any CPU.Build.0 = Release|Any CPU
		{65BBF602-3564-42B3-9240-562CF748F7AE}.Debug|Any CPU.ActiveCfg = Debug|Any CPU
		{65BBF602-3564-42B3-9240-562CF748F7AE}.Debug|Any CPU.Build.0 = Debug|Any CPU
		{65BBF602-3564-42B3-9240-562CF748F7AE}.Release|Any CPU.ActiveCfg = Release|Any CPU
		{65BBF602-3564-42B3-9240-562CF748F7AE}.Release|Any CPU.Build.0 = Release|Any CPU
		{0FFD6635-53E7-4E35-92E6-DD0B2AB07458}.Debug|Any CPU.ActiveCfg = Debug|Any CPU
		{0FFD6635-53E7-4E35-92E6-DD0B2AB07458}.Debug|Any CPU.Build.0 = Debug|Any CPU
		{0FFD6635-53E7-4E35-92E6-DD0B2AB07458}.Release|Any CPU.ActiveCfg = Release|Any CPU
		{0FFD6635-53E7-4E35-92E6-DD0B2AB07458}.Release|Any CPU.Build.0 = Release|Any CPU
	EndGlobalSection
	GlobalSection(SolutionProperties) = preSolution
		HideSolutionNode = FALSE
	EndGlobalSection
	GlobalSection(ExtensibilityGlobals) = postSolution
		SolutionGuid = {815D6CEE-1FCF-437D-ACE6-C5DAEA2781A1}
	EndGlobalSection
EndGlobal
